// !$*UTF8*$!
{
	archiveVersion = 1;
	classes = {
	};
	objectVersion = 56;
	objects = {

/* Begin PBXBuildFile section */
		1E2D65BC2E5060E6006DF585 /* AdvancedOptionsView.swift in Sources */ = {isa = PBXBuildFile; fileRef = 1E2D65BB2E5060E6006DF585 /* AdvancedOptionsView.swift */; };
		1E80600D2E8A5104009AF611 /* LocalHawkCore.xcframework in Frameworks */ = {isa = PBXBuildFile; fileRef = 1E80600C2E8A5104009AF611 /* LocalHawkCore.xcframework */; };
		1EA9C4F92E50F34600D3F8CB /* PrintSelectionView.swift in Sources */ = {isa = PBXBuildFile; fileRef = 1EA9C4F82E50F34600D3F8CB /* PrintSelectionView.swift */; };
		A1000001 /* LocalHawkiOSApp.swift in Sources */ = {isa = PBXBuildFile; fileRef = A1000002 /* LocalHawkiOSApp.swift */; };
		A1000003 /* ContentView.swift in Sources */ = {isa = PBXBuildFile; fileRef = A1000004 /* ContentView.swift */; };
		A1000005 /* ProxyGenerator.swift in Sources */ = {isa = PBXBuildFile; fileRef = A1000006 /* ProxyGenerator.swift */; };
		A1000007 /* Assets.xcassets in Resources */ = {isa = PBXBuildFile; fileRef = A1000008 /* Assets.xcassets */; };
		A1000009 /* Preview Assets.xcassets in Resources */ = {isa = PBXBuildFile; fileRef = A1000010 /* Preview Assets.xcassets */; };
/* End PBXBuildFile section */

/* Begin PBXFileReference section */
		1E2D65BB2E5060E6006DF585 /* AdvancedOptionsView.swift */ = {isa = PBXFileReference; lastKnownFileType = sourcecode.swift; path = AdvancedOptionsView.swift; sourceTree = "<group>"; };
		1E80600A2E89BB93009AF611 /* liblocalhawk_core_device.a */ = {isa = PBXFileReference; lastKnownFileType = archive.ar; name = liblocalhawk_core_device.a; path = "../ios-libs/liblocalhawk_core_device.a"; sourceTree = "<group>"; };
		1E80600C2E8A5104009AF611 /* LocalHawkCore.xcframework */ = {isa = PBXFileReference; lastKnownFileType = wrapper.xcframework; name = LocalHawkCore.xcframework; path = "../ios-libs/LocalHawkCore.xcframework"; sourceTree = "<group>"; };
		1EA9C4F82E50F34600D3F8CB /* PrintSelectionView.swift */ = {isa = PBXFileReference; lastKnownFileType = sourcecode.swift; path = PrintSelectionView.swift; sourceTree = "<group>"; };
		A1000002 /* LocalHawkiOSApp.swift */ = {isa = PBXFileReference; lastKnownFileType = sourcecode.swift; path = LocalHawkiOSApp.swift; sourceTree = "<group>"; };
		A1000004 /* ContentView.swift */ = {isa = PBXFileReference; lastKnownFileType = sourcecode.swift; path = ContentView.swift; sourceTree = "<group>"; };
		A1000006 /* ProxyGenerator.swift */ = {isa = PBXFileReference; lastKnownFileType = sourcecode.swift; path = ProxyGenerator.swift; sourceTree = "<group>"; };
		A1000008 /* Assets.xcassets */ = {isa = PBXFileReference; lastKnownFileType = folder.assetcatalog; path = Assets.xcassets; sourceTree = "<group>"; };
		A1000010 /* Preview Assets.xcassets */ = {isa = PBXFileReference; lastKnownFileType = folder.assetcatalog; path = "Preview Assets.xcassets"; sourceTree = "<group>"; };
		A1000012 /* liblocalhawk_core_sim.a */ = {isa = PBXFileReference; lastKnownFileType = archive.ar; name = liblocalhawk_core_sim.a; path = "../ios-libs/liblocalhawk_core_sim.a"; sourceTree = "<group>"; };
		A1000013 /* LocalHawk.app */ = {isa = PBXFileReference; explicitFileType = wrapper.application; includeInIndex = 0; path = LocalHawk.app; sourceTree = BUILT_PRODUCTS_DIR; };
		A1000014 /* localhawk.h */ = {isa = PBXFileReference; lastKnownFileType = sourcecode.c.h; name = localhawk.h; path = "../ios-libs/localhawk.h"; sourceTree = "<group>"; };
		A1000015 /* LocalHawkiOS-Bridging-Header.h */ = {isa = PBXFileReference; lastKnownFileType = sourcecode.c.h; path = "LocalHawkiOS-Bridging-Header.h"; sourceTree = "<group>"; };
/* End PBXFileReference section */

/* Begin PBXFrameworksBuildPhase section */
		A1000016 /* Frameworks */ = {
			isa = PBXFrameworksBuildPhase;
			buildActionMask = 2147483647;
			files = (
				1E80600D2E8A5104009AF611 /* LocalHawkCore.xcframework in Frameworks */,
			);
			runOnlyForDeploymentPostprocessing = 0;
		};
/* End PBXFrameworksBuildPhase section */

/* Begin PBXGroup section */
		A1000017 = {
			isa = PBXGroup;
			children = (
				A1000018 /* LocalHawkiOS */,
				A1000019 /* Products */,
				A1000020 /* Frameworks */,
			);
			sourceTree = "<group>";
		};
		A1000018 /* LocalHawkiOS */ = {
			isa = PBXGroup;
			children = (
				1EA9C4F82E50F34600D3F8CB /* PrintSelectionView.swift */,
				1E2D65BB2E5060E6006DF585 /* AdvancedOptionsView.swift */,
				A1000002 /* LocalHawkiOSApp.swift */,
				A1000004 /* ContentView.swift */,
				A1000006 /* ProxyGenerator.swift */,
				A1000015 /* LocalHawkiOS-Bridging-Header.h */,
				A1000008 /* Assets.xcassets */,
				A1000021 /* Preview Content */,
			);
			path = LocalHawkiOS;
			sourceTree = "<group>";
		};
		A1000019 /* Products */ = {
			isa = PBXGroup;
			children = (
				A1000013 /* LocalHawk.app */,
			);
			name = Products;
			sourceTree = "<group>";
		};
		A1000020 /* Frameworks */ = {
			isa = PBXGroup;
			children = (
				1E80600C2E8A5104009AF611 /* LocalHawkCore.xcframework */,
				1E80600A2E89BB93009AF611 /* liblocalhawk_core_device.a */,
				A1000012 /* liblocalhawk_core_sim.a */,
				A1000014 /* localhawk.h */,
			);
			name = Frameworks;
			sourceTree = "<group>";
		};
		A1000021 /* Preview Content */ = {
			isa = PBXGroup;
			children = (
				A1000010 /* Preview Assets.xcassets */,
			);
			path = "Preview Content";
			sourceTree = "<group>";
		};
/* End PBXGroup section */

/* Begin PBXNativeTarget section */
		A1000022 /* LocalHawkiOS */ = {
			isa = PBXNativeTarget;
			buildConfigurationList = A1000023 /* Build configuration list for PBXNativeTarget "LocalHawkiOS" */;
			buildPhases = (
				A1000024 /* Sources */,
				A1000016 /* Frameworks */,
				A1000025 /* Resources */,
			);
			buildRules = (
			);
			dependencies = (
			);
			name = LocalHawkiOS;
			productName = LocalHawkiOS;
			productReference = A1000013 /* LocalHawk.app */;
			productType = "com.apple.product-type.application";
		};
/* End PBXNativeTarget section */

/* Begin PBXProject section */
		A1000026 /* Project object */ = {
			isa = PBXProject;
			attributes = {
				BuildIndependentTargetsInParallel = 1;
				LastSwiftUpdateCheck = 1540;
				LastUpgradeCheck = 1540;
				TargetAttributes = {
					A1000022 = {
						CreatedOnToolsVersion = 15.4;
					};
				};
			};
			buildConfigurationList = A1000027 /* Build configuration list for PBXProject "LocalHawkiOS" */;
			compatibilityVersion = "Xcode 14.0";
			developmentRegion = en;
			hasScannedForEncodings = 0;
			knownRegions = (
				en,
				Base,
			);
			mainGroup = A1000017;
			productRefGroup = A1000019 /* Products */;
			projectDirPath = "";
			projectRoot = "";
			targets = (
				A1000022 /* LocalHawkiOS */,
			);
		};
/* End PBXProject section */

/* Begin PBXResourcesBuildPhase section */
		A1000025 /* Resources */ = {
			isa = PBXResourcesBuildPhase;
			buildActionMask = 2147483647;
			files = (
				A1000009 /* Preview Assets.xcassets in Resources */,
				A1000007 /* Assets.xcassets in Resources */,
			);
			runOnlyForDeploymentPostprocessing = 0;
		};
/* End PBXResourcesBuildPhase section */

/* Begin PBXSourcesBuildPhase section */
		A1000024 /* Sources */ = {
			isa = PBXSourcesBuildPhase;
			buildActionMask = 2147483647;
			files = (
				A1000003 /* ContentView.swift in Sources */,
				1E2D65BC2E5060E6006DF585 /* AdvancedOptionsView.swift in Sources */,
				1EA9C4F92E50F34600D3F8CB /* PrintSelectionView.swift in Sources */,
				A1000005 /* ProxyGenerator.swift in Sources */,
				A1000001 /* LocalHawkiOSApp.swift in Sources */,
			);
			runOnlyForDeploymentPostprocessing = 0;
		};
/* End PBXSourcesBuildPhase section */

/* Begin XCBuildConfiguration section */
		A1000028 /* Debug */ = {
			isa = XCBuildConfiguration;
			buildSettings = {
				ALWAYS_SEARCH_USER_PATHS = NO;
				ASSETCATALOG_COMPILER_GENERATE_SWIFT_ASSET_SYMBOL_EXTENSIONS = YES;
				CLANG_ANALYZER_NONNULL = YES;
				CLANG_ANALYZER_NUMBER_OBJECT_CONVERSION = YES_AGGRESSIVE;
				CLANG_CXX_LANGUAGE_STANDARD = "gnu++20";
				CLANG_ENABLE_MODULES = YES;
				CLANG_ENABLE_OBJC_ARC = YES;
				CLANG_ENABLE_OBJC_WEAK = YES;
				CLANG_WARN_BLOCK_CAPTURE_AUTORELEASING = YES;
				CLANG_WARN_BOOL_CONVERSION = YES;
				CLANG_WARN_COMMA = YES;
				CLANG_WARN_CONSTANT_CONVERSION = YES;
				CLANG_WARN_DEPRECATED_OBJC_IMPLEMENTATIONS = YES;
				CLANG_WARN_DIRECT_OBJC_ISA_USAGE = YES_ERROR;
				CLANG_WARN_DOCUMENTATION_COMMENTS = YES;
				CLANG_WARN_EMPTY_BODY = YES;
				CLANG_WARN_ENUM_CONVERSION = YES;
				CLANG_WARN_INFINITE_RECURSION = YES;
				CLANG_WARN_INT_CONVERSION = YES;
				CLANG_WARN_NON_LITERAL_NULL_CONVERSION = YES;
				CLANG_WARN_OBJC_IMPLICIT_RETAIN_SELF = YES;
				CLANG_WARN_OBJC_LITERAL_CONVERSION = YES;
				CLANG_WARN_OBJC_ROOT_CLASS = YES_ERROR;
				CLANG_WARN_QUOTED_INCLUDE_IN_FRAMEWORK_HEADER = YES;
				CLANG_WARN_RANGE_LOOP_ANALYSIS = YES;
				CLANG_WARN_STRICT_PROTOTYPES = YES;
				CLANG_WARN_SUSPICIOUS_MOVE = YES;
				CLANG_WARN_UNGUARDED_AVAILABILITY = YES_AGGRESSIVE;
				CLANG_WARN_UNREACHABLE_CODE = YES;
				CLANG_WARN__DUPLICATE_METHOD_MATCH = YES;
				COPY_PHASE_STRIP = NO;
				DEBUG_INFORMATION_FORMAT = dwarf;
				ENABLE_STRICT_OBJC_MSGSEND = YES;
				ENABLE_TESTABILITY = YES;
				ENABLE_USER_SCRIPT_SANDBOXING = YES;
				GCC_C_LANGUAGE_STANDARD = gnu17;
				GCC_DYNAMIC_NO_PIC = NO;
				GCC_NO_COMMON_BLOCKS = YES;
				GCC_OPTIMIZATION_LEVEL = 0;
				GCC_PREPROCESSOR_DEFINITIONS = (
					"DEBUG=1",
					"$(inherited)",
				);
				GCC_WARN_64_TO_32_BIT_CONVERSION = YES;
				GCC_WARN_ABOUT_RETURN_TYPE = YES_ERROR;
				GCC_WARN_UNDECLARED_SELECTOR = YES;
				GCC_WARN_UNINITIALIZED_AUTOS = YES_AGGRESSIVE;
				GCC_WARN_UNUSED_FUNCTION = YES;
				GCC_WARN_UNUSED_VARIABLE = YES;
				IPHONEOS_DEPLOYMENT_TARGET = 16.0;
				LOCALIZATION_PREFERS_STRING_CATALOGS = YES;
				MTL_ENABLE_DEBUG_INFO = INCLUDE_SOURCE;
				MTL_FAST_MATH = YES;
				ONLY_ACTIVE_ARCH = YES;
				SDKROOT = iphoneos;
				SWIFT_ACTIVE_COMPILATION_CONDITIONS = "DEBUG $(inherited)";
				SWIFT_OPTIMIZATION_LEVEL = "-Onone";
			};
			name = Debug;
		};
		A1000029 /* Release */ = {
			isa = XCBuildConfiguration;
			buildSettings = {
				ALWAYS_SEARCH_USER_PATHS = NO;
				ASSETCATALOG_COMPILER_GENERATE_SWIFT_ASSET_SYMBOL_EXTENSIONS = YES;
				CLANG_ANALYZER_NONNULL = YES;
				CLANG_ANALYZER_NUMBER_OBJECT_CONVERSION = YES_AGGRESSIVE;
				CLANG_CXX_LANGUAGE_STANDARD = "gnu++20";
				CLANG_ENABLE_MODULES = YES;
				CLANG_ENABLE_OBJC_ARC = YES;
				CLANG_ENABLE_OBJC_WEAK = YES;
				CLANG_WARN_BLOCK_CAPTURE_AUTORELEASING = YES;
				CLANG_WARN_BOOL_CONVERSION = YES;
				CLANG_WARN_COMMA = YES;
				CLANG_WARN_CONSTANT_CONVERSION = YES;
				CLANG_WARN_DEPRECATED_OBJC_IMPLEMENTATIONS = YES;
				CLANG_WARN_DIRECT_OBJC_ISA_USAGE = YES_ERROR;
				CLANG_WARN_DOCUMENTATION_COMMENTS = YES;
				CLANG_WARN_EMPTY_BODY = YES;
				CLANG_WARN_ENUM_CONVERSION = YES;
				CLANG_WARN_INFINITE_RECURSION = YES;
				CLANG_WARN_INT_CONVERSION = YES;
				CLANG_WARN_NON_LITERAL_NULL_CONVERSION = YES;
				CLANG_WARN_OBJC_IMPLICIT_RETAIN_SELF = YES;
				CLANG_WARN_OBJC_LITERAL_CONVERSION = YES;
				CLANG_WARN_OBJC_ROOT_CLASS = YES_ERROR;
				CLANG_WARN_QUOTED_INCLUDE_IN_FRAMEWORK_HEADER = YES;
				CLANG_WARN_RANGE_LOOP_ANALYSIS = YES;
				CLANG_WARN_STRICT_PROTOTYPES = YES;
				CLANG_WARN_SUSPICIOUS_MOVE = YES;
				CLANG_WARN_UNGUARDED_AVAILABILITY = YES_AGGRESSIVE;
				CLANG_WARN_UNREACHABLE_CODE = YES;
				CLANG_WARN__DUPLICATE_METHOD_MATCH = YES;
				COPY_PHASE_STRIP = NO;
				DEBUG_INFORMATION_FORMAT = "dwarf-with-dsym";
				ENABLE_NS_ASSERTIONS = NO;
				ENABLE_STRICT_OBJC_MSGSEND = YES;
				ENABLE_USER_SCRIPT_SANDBOXING = YES;
				GCC_C_LANGUAGE_STANDARD = gnu17;
				GCC_NO_COMMON_BLOCKS = YES;
				GCC_WARN_64_TO_32_BIT_CONVERSION = YES;
				GCC_WARN_ABOUT_RETURN_TYPE = YES_ERROR;
				GCC_WARN_UNDECLARED_SELECTOR = YES;
				GCC_WARN_UNINITIALIZED_AUTOS = YES_AGGRESSIVE;
				GCC_WARN_UNUSED_FUNCTION = YES;
				GCC_WARN_UNUSED_VARIABLE = YES;
				IPHONEOS_DEPLOYMENT_TARGET = 16.0;
				LOCALIZATION_PREFERS_STRING_CATALOGS = YES;
				MTL_ENABLE_DEBUG_INFO = NO;
				MTL_FAST_MATH = YES;
				SDKROOT = iphoneos;
				SWIFT_COMPILATION_MODE = wholemodule;
				VALIDATE_PRODUCT = YES;
			};
			name = Release;
		};
		A1000030 /* Debug */ = {
			isa = XCBuildConfiguration;
			buildSettings = {
				ASSETCATALOG_COMPILER_APPICON_NAME = AppIcon;
				ASSETCATALOG_COMPILER_GLOBAL_ACCENT_COLOR_NAME = AccentColor;
				CODE_SIGN_STYLE = Automatic;
				CURRENT_PROJECT_VERSION = 1;
				DEVELOPMENT_ASSET_PATHS = "\"LocalHawkiOS/Preview Content\"";
				DEVELOPMENT_TEAM = V2A25N7292;
				ENABLE_PREVIEWS = YES;
				GENERATE_INFOPLIST_FILE = YES;
				INFOPLIST_KEY_UIApplicationSceneManifest_Generation = YES;
				INFOPLIST_KEY_UIApplicationSupportsIndirectInputEvents = YES;
				INFOPLIST_KEY_UILaunchScreen_Generation = YES;
				INFOPLIST_KEY_UISupportedInterfaceOrientations_iPad = "UIInterfaceOrientationPortrait UIInterfaceOrientationPortraitUpsideDown UIInterfaceOrientationLandscapeLeft UIInterfaceOrientationLandscapeRight";
				INFOPLIST_KEY_UISupportedInterfaceOrientations_iPhone = "UIInterfaceOrientationPortrait UIInterfaceOrientationLandscapeLeft UIInterfaceOrientationLandscapeRight";
				LD_RUNPATH_SEARCH_PATHS = (
					"$(inherited)",
					"@executable_path/Frameworks",
				);
				LIBRARY_SEARCH_PATHS = (
					"$(inherited)",
				);
				MARKETING_VERSION = 1.0;
				PRODUCT_BUNDLE_IDENTIFIER = com.localhawk.LocalHawkiOS;
				PRODUCT_NAME = LocalHawk;
				SWIFT_EMIT_LOC_STRINGS = YES;
				SWIFT_OBJC_BRIDGING_HEADER = "LocalHawkiOS/LocalHawkiOS-Bridging-Header.h";
				SWIFT_VERSION = 5.0;
				TARGETED_DEVICE_FAMILY = "1,2";
			};
			name = Debug;
		};
		A1000031 /* Release */ = {
			isa = XCBuildConfiguration;
			buildSettings = {
				ASSETCATALOG_COMPILER_APPICON_NAME = AppIcon;
				ASSETCATALOG_COMPILER_GLOBAL_ACCENT_COLOR_NAME = AccentColor;
				CODE_SIGN_STYLE = Automatic;
				CURRENT_PROJECT_VERSION = 1;
				DEVELOPMENT_ASSET_PATHS = "\"LocalHawkiOS/Preview Content\"";
				DEVELOPMENT_TEAM = V2A25N7292;
				ENABLE_PREVIEWS = YES;
				GENERATE_INFOPLIST_FILE = YES;
				INFOPLIST_KEY_UIApplicationSceneManifest_Generation = YES;
				INFOPLIST_KEY_UIApplicationSupportsIndirectInputEvents = YES;
				INFOPLIST_KEY_UILaunchScreen_Generation = YES;
				INFOPLIST_KEY_UISupportedInterfaceOrientations_iPad = "UIInterfaceOrientationPortrait UIInterfaceOrientationPortraitUpsideDown UIInterfaceOrientationLandscapeLeft UIInterfaceOrientationLandscapeRight";
				INFOPLIST_KEY_UISupportedInterfaceOrientations_iPhone = "UIInterfaceOrientationPortrait UIInterfaceOrientationLandscapeLeft UIInterfaceOrientationLandscapeRight";
				LD_RUNPATH_SEARCH_PATHS = (
					"$(inherited)",
					"@executable_path/Frameworks",
				);
				LIBRARY_SEARCH_PATHS = (
					"$(inherited)",
				);
				MARKETING_VERSION = 1.0;
				PRODUCT_BUNDLE_IDENTIFIER = com.localhawk.LocalHawkiOS;
				PRODUCT_NAME = LocalHawk;
				SWIFT_EMIT_LOC_STRINGS = YES;
				SWIFT_OBJC_BRIDGING_HEADER = "LocalHawkiOS/LocalHawkiOS-Bridging-Header.h";
				SWIFT_VERSION = 5.0;
				TARGETED_DEVICE_FAMILY = "1,2";
			};
			name = Release;
		};
/* End XCBuildConfiguration section */

/* Begin XCConfigurationList section */
		A1000023 /* Build configuration list for PBXNativeTarget "LocalHawkiOS" */ = {
			isa = XCConfigurationList;
			buildConfigurations = (
				A1000030 /* Debug */,
				A1000031 /* Release */,
			);
			defaultConfigurationIsVisible = 0;
			defaultConfigurationName = Release;
		};
		A1000027 /* Build configuration list for PBXProject "LocalHawkiOS" */ = {
			isa = XCConfigurationList;
			buildConfigurations = (
				A1000028 /* Debug */,
				A1000029 /* Release */,
			);
			defaultConfigurationIsVisible = 0;
			defaultConfigurationName = Release;
		};
/* End XCConfigurationList section */
	};
	rootObject = A1000026 /* Project object */;
}
